
Microsoft Visual Studio Solution File, Format Version 12.00
# Visual Studio Version 17
VisualStudioVersion = 17.9.34902.65
MinimumVisualStudioVersion = 10.0.40219.1
Project("{9A19103F-16F7-4668-BE54-9A1E7A4F7556}") = "HouseManagementAPI", "HouseManagementAPI\HouseManagementAPI.csproj", "{60A69A6D-DF64-4C5A-BE6B-DB8DB5D151E7}"
EndProject
Project("{FAE04EC0-301F-11D3-BF4B-00C04F79EFBC}") = "HouseManagementAPITests", "HouseManagementAPITests\HouseManagementAPITests.csproj", "{26F722C1-FEBD-4901-9860-1D718CD706C7}"
EndProject
Global
	GlobalSection(SolutionConfigurationPlatforms) = preSolution
		Debug|Any CPU = Debug|Any CPU
		Release|Any CPU = Release|Any CPU
	EndGlobalSection
	GlobalSection(ProjectConfigurationPlatforms) = postSolution
		{60A69A6D-DF64-4C5A-BE6B-DB8DB5D151E7}.Debug|Any CPU.ActiveCfg = Debug|Any CPU
		{60A69A6D-DF64-4C5A-BE6B-DB8DB5D151E7}.Debug|Any CPU.Build.0 = Debug|Any CPU
		{60A69A6D-DF64-4C5A-BE6B-DB8DB5D151E7}.Release|Any CPU.ActiveCfg = Release|Any CPU
		{60A69A6D-DF64-4C5A-BE6B-DB8DB5D151E7}.Release|Any CPU.Build.0 = Release|Any CPU
		{26F722C1-FEBD-4901-9860-1D718CD706C7}.Debug|Any CPU.ActiveCfg = Debug|Any CPU
		{26F722C1-FEBD-4901-9860-1D718CD706C7}.Debug|Any CPU.Build.0 = Debug|Any CPU
		{26F722C1-FEBD-4901-9860-1D718CD706C7}.Release|Any CPU.ActiveCfg = Release|Any CPU
		{26F722C1-FEBD-4901-9860-1D718CD706C7}.Release|Any CPU.Build.0 = Release|Any CPU
	EndGlobalSection
	GlobalSection(SolutionProperties) = preSolution
		HideSolutionNode = FALSE
	EndGlobalSection
	GlobalSection(ExtensibilityGlobals) = postSolution
		SolutionGuid = {184CA202-65DA-4FD6-AE96-4BDB7C2A30AA}
	EndGlobalSection
EndGlobal
